// !$*UTF8*$!
{
	archiveVersion = 1;
	classes = {
	};
	objectVersion = 77;
	objects = {

/* Begin PBXContainerItemProxy section */
		88E432792DF5D37800485B78 /* PBXContainerItemProxy */ = {
			isa = PBXContainerItemProxy;
			containerPortal = 88E432602DF5D37400485B78 /* Project object */;
			proxyType = 1;
			remoteGlobalIDString = 88E432672DF5D37400485B78;
			remoteInfo = SwiftMacroSample;
		};
		88E432832DF5D37800485B78 /* PBXContainerItemProxy */ = {
			isa = PBXContainerItemProxy;
			containerPortal = 88E432602DF5D37400485B78 /* Project object */;
			proxyType = 1;
			remoteGlobalIDString = 88E432672DF5D37400485B78;
			remoteInfo = SwiftMacroSample;
		};
/* End PBXContainerItemProxy section */

/* Begin PBXFileReference section */
		88E432682DF5D37400485B78 /* SwiftMacroSample.app */ = {isa = PBXFileReference; explicitFileType = wrapper.application; includeInIndex = 0; path = SwiftMacroSample.app; sourceTree = BUILT_PRODUCTS_DIR; };
		88E432782DF5D37800485B78 /* SwiftMacroSampleTests.xctest */ = {isa = PBXFileReference; explicitFileType = wrapper.cfbundle; includeInIndex = 0; path = SwiftMacroSampleTests.xctest; sourceTree = BUILT_PRODUCTS_DIR; };
		88E432822DF5D37800485B78 /* SwiftMacroSampleUITests.xctest */ = {isa = PBXFileReference; explicitFileType = wrapper.cfbundle; includeInIndex = 0; path = SwiftMacroSampleUITests.xctest; sourceTree = BUILT_PRODUCTS_DIR; };
/* End PBXFileReference section */

/* Begin PBXFileSystemSynchronizedRootGroup section */
		88E4326A2DF5D37400485B78 /* SwiftMacroSample */ = {
			isa = PBXFileSystemSynchronizedRootGroup;
			path = SwiftMacroSample;
			sourceTree = "<group>";
		};
		88E4327B2DF5D37800485B78 /* SwiftMacroSampleTests */ = {
			isa = PBXFileSystemSynchronizedRootGroup;
			path = SwiftMacroSampleTests;
			sourceTree = "<group>";
		};
		88E432852DF5D37800485B78 /* SwiftMacroSampleUITests */ = {
			isa = PBXFileSystemSynchronizedRootGroup;
			path = SwiftMacroSampleUITests;
			sourceTree = "<group>";
		};
/* End PBXFileSystemSynchronizedRootGroup section */

/* Begin PBXFrameworksBuildPhase section */
		88E432652DF5D37400485B78 /* Frameworks */ = {
			isa = PBXFrameworksBuildPhase;
			buildActionMask = 2147483647;
			files = (
			);
			runOnlyForDeploymentPostprocessing = 0;
		};
		88E432752DF5D37800485B78 /* Frameworks */ = {
			isa = PBXFrameworksBuildPhase;
			buildActionMask = 2147483647;
			files = (
			);
			runOnlyForDeploymentPostprocessing = 0;
		};
		88E4327F2DF5D37800485B78 /* Frameworks */ = {
			isa = PBXFrameworksBuildPhase;
			buildActionMask = 2147483647;
			files = (
			);
			runOnlyForDeploymentPostprocessing = 0;
		};
/* End PBXFrameworksBuildPhase section */

/* Begin PBXGroup section */
		88E4325F2DF5D37400485B78 = {
			isa = PBXGroup;
			children = (
				88E4326A2DF5D37400485B78 /* SwiftMacroSample */,
				88E4327B2DF5D37800485B78 /* SwiftMacroSampleTests */,
				88E432852DF5D37800485B78 /* SwiftMacroSampleUITests */,
				88E432692DF5D37400485B78 /* Products */,
			);
			sourceTree = "<group>";
		};
		88E432692DF5D37400485B78 /* Products */ = {
			isa = PBXGroup;
			children = (
				88E432682DF5D37400485B78 /* SwiftMacroSample.app */,
				88E432782DF5D37800485B78 /* SwiftMacroSampleTests.xctest */,
				88E432822DF5D37800485B78 /* SwiftMacroSampleUITests.xctest */,
			);
			name = Products;
			sourceTree = "<group>";
		};
/* End PBXGroup section */

/* Begin PBXNativeTarget section */
		88E432672DF5D37400485B78 /* SwiftMacroSample */ = {
			isa = PBXNativeTarget;
			buildConfigurationList = 88E4328C2DF5D37800485B78 /* Build configuration list for PBXNativeTarget "SwiftMacroSample" */;
			buildPhases = (
				88E432642DF5D37400485B78 /* Sources */,
				88E432652DF5D37400485B78 /* Frameworks */,
				88E432662DF5D37400485B78 /* Resources */,
			);
			buildRules = (
			);
			dependencies = (
			);
			fileSystemSynchronizedGroups = (
				88E4326A2DF5D37400485B78 /* SwiftMacroSample */,
			);
			name = SwiftMacroSample;
			packageProductDependencies = (
			);
			productName = SwiftMacroSample;
			productReference = 88E432682DF5D37400485B78 /* SwiftMacroSample.app */;
			productType = "com.apple.product-type.application";
		};
		88E432772DF5D37800485B78 /* SwiftMacroSampleTests */ = {
			isa = PBXNativeTarget;
			buildConfigurationList = 88E4328F2DF5D37800485B78 /* Build configuration list for PBXNativeTarget "SwiftMacroSampleTests" */;
			buildPhases = (
				88E432742DF5D37800485B78 /* Sources */,
				88E432752DF5D37800485B78 /* Frameworks */,
				88E432762DF5D37800485B78 /* Resources */,
			);
			buildRules = (
			);
			dependencies = (
				88E4327A2DF5D37800485B78 /* PBXTargetDependency */,
			);
			fileSystemSynchronizedGroups = (
				88E4327B2DF5D37800485B78 /* SwiftMacroSampleTests */,
			);
			name = SwiftMacroSampleTests;
			packageProductDependencies = (
			);
			productName = SwiftMacroSampleTests;
			productReference = 88E432782DF5D37800485B78 /* SwiftMacroSampleTests.xctest */;
			productType = "com.apple.product-type.bundle.unit-test";
		};
		88E432812DF5D37800485B78 /* SwiftMacroSampleUITests */ = {
			isa = PBXNativeTarget;
			buildConfigurationList = 88E432922DF5D37800485B78 /* Build configuration list for PBXNativeTarget "SwiftMacroSampleUITests" */;
			buildPhases = (
				88E4327E2DF5D37800485B78 /* Sources */,
				88E4327F2DF5D37800485B78 /* Frameworks */,
				88E432802DF5D37800485B78 /* Resources */,
			);
			buildRules = (
			);
			dependencies = (
				88E432842DF5D37800485B78 /* PBXTargetDependency */,
			);
			fileSystemSynchronizedGroups = (
				88E432852DF5D37800485B78 /* SwiftMacroSampleUITests */,
			);
			name = SwiftMacroSampleUITests;
			packageProductDependencies = (
			);
			productName = SwiftMacroSampleUITests;
			productReference = 88E432822DF5D37800485B78 /* SwiftMacroSampleUITests.xctest */;
			productType = "com.apple.product-type.bundle.ui-testing";
		};
/* End PBXNativeTarget section */

/* Begin PBXProject section */
		88E432602DF5D37400485B78 /* Project object */ = {
			isa = PBXProject;
			attributes = {
				BuildIndependentTargetsInParallel = 1;
				LastSwiftUpdateCheck = 1620;
				LastUpgradeCheck = 1620;
				TargetAttributes = {
					88E432672DF5D37400485B78 = {
						CreatedOnToolsVersion = 16.2;
					};
					88E432772DF5D37800485B78 = {
						CreatedOnToolsVersion = 16.2;
						TestTargetID = 88E432672DF5D37400485B78;
					};
					88E432812DF5D37800485B78 = {
						CreatedOnToolsVersion = 16.2;
						TestTargetID = 88E432672DF5D37400485B78;
					};
				};
			};
			buildConfigurationList = 88E432632DF5D37400485B78 /* Build configuration list for PBXProject "SwiftMacroSample" */;
			developmentRegion = en;
			hasScannedForEncodings = 0;
			knownRegions = (
				en,
				Base,
			);
			mainGroup = 88E4325F2DF5D37400485B78;
			minimizedProjectReferenceProxies = 1;
			preferredProjectObjectVersion = 77;
			productRefGroup = 88E432692DF5D37400485B78 /* Products */;
			projectDirPath = "";
			projectRoot = "";
			targets = (
				88E432672DF5D37400485B78 /* SwiftMacroSample */,
				88E432772DF5D37800485B78 /* SwiftMacroSampleTests */,
				88E432812DF5D37800485B78 /* SwiftMacroSampleUITests */,
			);
		};
/* End PBXProject section */

/* Begin PBXResourcesBuildPhase section */
		88E432662DF5D37400485B78 /* Resources */ = {
			isa = PBXResourcesBuildPhase;
			buildActionMask = 2147483647;
			files = (
			);
			runOnlyForDeploymentPostprocessing = 0;
		};
		88E432762DF5D37800485B78 /* Resources */ = {
			isa = PBXResourcesBuildPhase;
			buildActionMask = 2147483647;
			files = (
			);
			runOnlyForDeploymentPostprocessing = 0;
		};
		88E432802DF5D37800485B78 /* Resources */ = {
			isa = PBXResourcesBuildPhase;
			buildActionMask = 2147483647;
			files = (
			);
			runOnlyForDeploymentPostprocessing = 0;
		};
/* End PBXResourcesBuildPhase section */

/* Begin PBXSourcesBuildPhase section */
		88E432642DF5D37400485B78 /* Sources */ = {
			isa = PBXSourcesBuildPhase;
			buildActionMask = 2147483647;
			files = (
			);
			runOnlyForDeploymentPostprocessing = 0;
		};
		88E432742DF5D37800485B78 /* Sources */ = {
			isa = PBXSourcesBuildPhase;
			buildActionMask = 2147483647;
			files = (
			);
			runOnlyForDeploymentPostprocessing = 0;
		};
		88E4327E2DF5D37800485B78 /* Sources */ = {
			isa = PBXSourcesBuildPhase;
			buildActionMask = 2147483647;
			files = (
			);
			runOnlyForDeploymentPostprocessing = 0;
		};
/* End PBXSourcesBuildPhase section */

/* Begin PBXTargetDependency section */
		88E4327A2DF5D37800485B78 /* PBXTargetDependency */ = {
			isa = PBXTargetDependency;
			target = 88E432672DF5D37400485B78 /* SwiftMacroSample */;
			targetProxy = 88E432792DF5D37800485B78 /* PBXContainerItemProxy */;
		};
		88E432842DF5D37800485B78 /* PBXTargetDependency */ = {
			isa = PBXTargetDependency;
			target = 88E432672DF5D37400485B78 /* SwiftMacroSample */;
			targetProxy = 88E432832DF5D37800485B78 /* PBXContainerItemProxy */;
		};
/* End PBXTargetDependency section */

/* Begin XCBuildConfiguration section */
		88E4328A2DF5D37800485B78 /* Debug */ = {
			isa = XCBuildConfiguration;
			buildSettings = {
				ALWAYS_SEARCH_USER_PATHS = NO;
				ASSETCATALOG_COMPILER_GENERATE_SWIFT_ASSET_SYMBOL_EXTENSIONS = YES;
				CLANG_ANALYZER_NONNULL = YES;
				CLANG_ANALYZER_NUMBER_OBJECT_CONVERSION = YES_AGGRESSIVE;
				CLANG_CXX_LANGUAGE_STANDARD = "gnu++20";
				CLANG_ENABLE_MODULES = YES;
				CLANG_ENABLE_OBJC_ARC = YES;
				CLANG_ENABLE_OBJC_WEAK = YES;
				CLANG_WARN_BLOCK_CAPTURE_AUTORELEASING = YES;
				CLANG_WARN_BOOL_CONVERSION = YES;
				CLANG_WARN_COMMA = YES;
				CLANG_WARN_CONSTANT_CONVERSION = YES;
				CLANG_WARN_DEPRECATED_OBJC_IMPLEMENTATIONS = YES;
				CLANG_WARN_DIRECT_OBJC_ISA_USAGE = YES_ERROR;
				CLANG_WARN_DOCUMENTATION_COMMENTS = YES;
				CLANG_WARN_EMPTY_BODY = YES;
				CLANG_WARN_ENUM_CONVERSION = YES;
				CLANG_WARN_INFINITE_RECURSION = YES;
				CLANG_WARN_INT_CONVERSION = YES;
				CLANG_WARN_NON_LITERAL_NULL_CONVERSION = YES;
				CLANG_WARN_OBJC_IMPLICIT_RETAIN_SELF = YES;
				CLANG_WARN_OBJC_LITERAL_CONVERSION = YES;
				CLANG_WARN_OBJC_ROOT_CLASS = YES_ERROR;
				CLANG_WARN_QUOTED_INCLUDE_IN_FRAMEWORK_HEADER = YES;
				CLANG_WARN_RANGE_LOOP_ANALYSIS = YES;
				CLANG_WARN_STRICT_PROTOTYPES = YES;
				CLANG_WARN_SUSPICIOUS_MOVE = YES;
				CLANG_WARN_UNGUARDED_AVAILABILITY = YES_AGGRESSIVE;
				CLANG_WARN_UNREACHABLE_CODE = YES;
				CLANG_WARN__DUPLICATE_METHOD_MATCH = YES;
				COPY_PHASE_STRIP = NO;
				DEBUG_INFORMATION_FORMAT = dwarf;
				ENABLE_STRICT_OBJC_MSGSEND = YES;
				ENABLE_TESTABILITY = YES;
				ENABLE_USER_SCRIPT_SANDBOXING = YES;
				GCC_C_LANGUAGE_STANDARD = gnu17;
				GCC_DYNAMIC_NO_PIC = NO;
				GCC_NO_COMMON_BLOCKS = YES;
				GCC_OPTIMIZATION_LEVEL = 0;
				GCC_PREPROCESSOR_DEFINITIONS = (
					"DEBUG=1",
					"$(inherited)",
				);
				GCC_WARN_64_TO_32_BIT_CONVERSION = YES;
				GCC_WARN_ABOUT_RETURN_TYPE = YES_ERROR;
				GCC_WARN_UNDECLARED_SELECTOR = YES;
				GCC_WARN_UNINITIALIZED_AUTOS = YES_AGGRESSIVE;
				GCC_WARN_UNUSED_FUNCTION = YES;
				GCC_WARN_UNUSED_VARIABLE = YES;
				IPHONEOS_DEPLOYMENT_TARGET = 18.2;
				LOCALIZATION_PREFERS_STRING_CATALOGS = YES;
				MTL_ENABLE_DEBUG_INFO = INCLUDE_SOURCE;
				MTL_FAST_MATH = YES;
				ONLY_ACTIVE_ARCH = YES;
				SDKROOT = iphoneos;
				SWIFT_ACTIVE_COMPILATION_CONDITIONS = "DEBUG $(inherited)";
				SWIFT_OPTIMIZATION_LEVEL = "-Onone";
			};
			name = Debug;
		};
		88E4328B2DF5D37800485B78 /* Release */ = {
			isa = XCBuildConfiguration;
			buildSettings = {
				ALWAYS_SEARCH_USER_PATHS = NO;
				ASSETCATALOG_COMPILER_GENERATE_SWIFT_ASSET_SYMBOL_EXTENSIONS = YES;
				CLANG_ANALYZER_NONNULL = YES;
				CLANG_ANALYZER_NUMBER_OBJECT_CONVERSION = YES_AGGRESSIVE;
				CLANG_CXX_LANGUAGE_STANDARD = "gnu++20";
				CLANG_ENABLE_MODULES = YES;
				CLANG_ENABLE_OBJC_ARC = YES;
				CLANG_ENABLE_OBJC_WEAK = YES;
				CLANG_WARN_BLOCK_CAPTURE_AUTORELEASING = YES;
				CLANG_WARN_BOOL_CONVERSION = YES;
				CLANG_WARN_COMMA = YES;
				CLANG_WARN_CONSTANT_CONVERSION = YES;
				CLANG_WARN_DEPRECATED_OBJC_IMPLEMENTATIONS = YES;
				CLANG_WARN_DIRECT_OBJC_ISA_USAGE = YES_ERROR;
				CLANG_WARN_DOCUMENTATION_COMMENTS = YES;
				CLANG_WARN_EMPTY_BODY = YES;
				CLANG_WARN_ENUM_CONVERSION = YES;
				CLANG_WARN_INFINITE_RECURSION = YES;
				CLANG_WARN_INT_CONVERSION = YES;
				CLANG_WARN_NON_LITERAL_NULL_CONVERSION = YES;
				CLANG_WARN_OBJC_IMPLICIT_RETAIN_SELF = YES;
				CLANG_WARN_OBJC_LITERAL_CONVERSION = YES;
				CLANG_WARN_OBJC_ROOT_CLASS = YES_ERROR;
				CLANG_WARN_QUOTED_INCLUDE_IN_FRAMEWORK_HEADER = YES;
				CLANG_WARN_RANGE_LOOP_ANALYSIS = YES;
				CLANG_WARN_STRICT_PROTOTYPES = YES;
				CLANG_WARN_SUSPICIOUS_MOVE = YES;
				CLANG_WARN_UNGUARDED_AVAILABILITY = YES_AGGRESSIVE;
				CLANG_WARN_UNREACHABLE_CODE = YES;
				CLANG_WARN__DUPLICATE_METHOD_MATCH = YES;
				COPY_PHASE_STRIP = NO;
				DEBUG_INFORMATION_FORMAT = "dwarf-with-dsym";
				ENABLE_NS_ASSERTIONS = NO;
				ENABLE_STRICT_OBJC_MSGSEND = YES;
				ENABLE_USER_SCRIPT_SANDBOXING = YES;
				GCC_C_LANGUAGE_STANDARD = gnu17;
				GCC_NO_COMMON_BLOCKS = YES;
				GCC_WARN_64_TO_32_BIT_CONVERSION = YES;
				GCC_WARN_ABOUT_RETURN_TYPE = YES_ERROR;
				GCC_WARN_UNDECLARED_SELECTOR = YES;
				GCC_WARN_UNINITIALIZED_AUTOS = YES_AGGRESSIVE;
				GCC_WARN_UNUSED_FUNCTION = YES;
				GCC_WARN_UNUSED_VARIABLE = YES;
				IPHONEOS_DEPLOYMENT_TARGET = 18.2;
				LOCALIZATION_PREFERS_STRING_CATALOGS = YES;
				MTL_ENABLE_DEBUG_INFO = NO;
				MTL_FAST_MATH = YES;
				SDKROOT = iphoneos;
				SWIFT_COMPILATION_MODE = wholemodule;
				VALIDATE_PRODUCT = YES;
			};
			name = Release;
		};
		88E4328D2DF5D37800485B78 /* Debug */ = {
			isa = XCBuildConfiguration;
			buildSettings = {
				ASSETCATALOG_COMPILER_APPICON_NAME = AppIcon;
				ASSETCATALOG_COMPILER_GLOBAL_ACCENT_COLOR_NAME = AccentColor;
				CODE_SIGN_STYLE = Automatic;
				CURRENT_PROJECT_VERSION = 1;
				DEVELOPMENT_ASSET_PATHS = "\"SwiftMacroSample/Preview Content\"";
				DEVELOPMENT_TEAM = 3248ZK8GGZ;
				ENABLE_PREVIEWS = YES;
				GENERATE_INFOPLIST_FILE = YES;
				INFOPLIST_KEY_UIApplicationSceneManifest_Generation = YES;
				INFOPLIST_KEY_UIApplicationSupportsIndirectInputEvents = YES;
				INFOPLIST_KEY_UILaunchScreen_Generation = YES;
				INFOPLIST_KEY_UISupportedInterfaceOrientations_iPad = "UIInterfaceOrientationPortrait UIInterfaceOrientationPortraitUpsideDown UIInterfaceOrientationLandscapeLeft UIInterfaceOrientationLandscapeRight";
				INFOPLIST_KEY_UISupportedInterfaceOrientations_iPhone = "UIInterfaceOrientationPortrait UIInterfaceOrientationLandscapeLeft UIInterfaceOrientationLandscapeRight";
				LD_RUNPATH_SEARCH_PATHS = (
					"$(inherited)",
					"@executable_path/Frameworks",
				);
				MARKETING_VERSION = 1.0;
				PRODUCT_BUNDLE_IDENTIFIER = tsukasahasegawa.SwiftMacroSample;
				PRODUCT_NAME = "$(TARGET_NAME)";
				SWIFT_EMIT_LOC_STRINGS = YES;
				SWIFT_VERSION = 5.0;
				TARGETED_DEVICE_FAMILY = "1,2";
			};
			name = Debug;
		};
		88E4328E2DF5D37800485B78 /* Release */ = {
			isa = XCBuildConfiguration;
			buildSettings = {
				ASSETCATALOG_COMPILER_APPICON_NAME = AppIcon;
				ASSETCATALOG_COMPILER_GLOBAL_ACCENT_COLOR_NAME = AccentColor;
				CODE_SIGN_STYLE = Automatic;
				CURRENT_PROJECT_VERSION = 1;
				DEVELOPMENT_ASSET_PATHS = "\"SwiftMacroSample/Preview Content\"";
				DEVELOPMENT_TEAM = 3248ZK8GGZ;
				ENABLE_PREVIEWS = YES;
				GENERATE_INFOPLIST_FILE = YES;
				INFOPLIST_KEY_UIApplicationSceneManifest_Generation = YES;
				INFOPLIST_KEY_UIApplicationSupportsIndirectInputEvents = YES;
				INFOPLIST_KEY_UILaunchScreen_Generation = YES;
				INFOPLIST_KEY_UISupportedInterfaceOrientations_iPad = "UIInterfaceOrientationPortrait UIInterfaceOrientationPortraitUpsideDown UIInterfaceOrientationLandscapeLeft UIInterfaceOrientationLandscapeRight";
				INFOPLIST_KEY_UISupportedInterfaceOrientations_iPhone = "UIInterfaceOrientationPortrait UIInterfaceOrientationLandscapeLeft UIInterfaceOrientationLandscapeRight";
				LD_RUNPATH_SEARCH_PATHS = (
					"$(inherited)",
					"@executable_path/Frameworks",
				);
				MARKETING_VERSION = 1.0;
				PRODUCT_BUNDLE_IDENTIFIER = tsukasahasegawa.SwiftMacroSample;
				PRODUCT_NAME = "$(TARGET_NAME)";
				SWIFT_EMIT_LOC_STRINGS = YES;
				SWIFT_VERSION = 5.0;
				TARGETED_DEVICE_FAMILY = "1,2";
			};
			name = Release;
		};
		88E432902DF5D37800485B78 /* Debug */ = {
			isa = XCBuildConfiguration;
			buildSettings = {
				BUNDLE_LOADER = "$(TEST_HOST)";
				CODE_SIGN_STYLE = Automatic;
				CURRENT_PROJECT_VERSION = 1;
				DEVELOPMENT_TEAM = 3248ZK8GGZ;
				GENERATE_INFOPLIST_FILE = YES;
				IPHONEOS_DEPLOYMENT_TARGET = 18.2;
				MARKETING_VERSION = 1.0;
				PRODUCT_BUNDLE_IDENTIFIER = tsukasahasegawa.SwiftMacroSampleTests;
				PRODUCT_NAME = "$(TARGET_NAME)";
				SWIFT_EMIT_LOC_STRINGS = NO;
				SWIFT_VERSION = 5.0;
				TARGETED_DEVICE_FAMILY = "1,2";
				TEST_HOST = "$(BUILT_PRODUCTS_DIR)/SwiftMacroSample.app/$(BUNDLE_EXECUTABLE_FOLDER_PATH)/SwiftMacroSample";
			};
			name = Debug;
		};
		88E432912DF5D37800485B78 /* Release */ = {
			isa = XCBuildConfiguration;
			buildSettings = {
				BUNDLE_LOADER = "$(TEST_HOST)";
				CODE_SIGN_STYLE = Automatic;
				CURRENT_PROJECT_VERSION = 1;
				DEVELOPMENT_TEAM = 3248ZK8GGZ;
				GENERATE_INFOPLIST_FILE = YES;
				IPHONEOS_DEPLOYMENT_TARGET = 18.2;
				MARKETING_VERSION = 1.0;
				PRODUCT_BUNDLE_IDENTIFIER = tsukasahasegawa.SwiftMacroSampleTests;
				PRODUCT_NAME = "$(TARGET_NAME)";
				SWIFT_EMIT_LOC_STRINGS = NO;
				SWIFT_VERSION = 5.0;
				TARGETED_DEVICE_FAMILY = "1,2";
				TEST_HOST = "$(BUILT_PRODUCTS_DIR)/SwiftMacroSample.app/$(BUNDLE_EXECUTABLE_FOLDER_PATH)/SwiftMacroSample";
			};
			name = Release;
		};
		88E432932DF5D37800485B78 /* Debug */ = {
			isa = XCBuildConfiguration;
			buildSettings = {
				CODE_SIGN_STYLE = Automatic;
				CURRENT_PROJECT_VERSION = 1;
				DEVELOPMENT_TEAM = 3248ZK8GGZ;
				GENERATE_INFOPLIST_FILE = YES;
				MARKETING_VERSION = 1.0;
				PRODUCT_BUNDLE_IDENTIFIER = tsukasahasegawa.SwiftMacroSampleUITests;
				PRODUCT_NAME = "$(TARGET_NAME)";
				SWIFT_EMIT_LOC_STRINGS = NO;
				SWIFT_VERSION = 5.0;
				TARGETED_DEVICE_FAMILY = "1,2";
				TEST_TARGET_NAME = SwiftMacroSample;
			};
			name = Debug;
		};
		88E432942DF5D37800485B78 /* Release */ = {
			isa = XCBuildConfiguration;
			buildSettings = {
				CODE_SIGN_STYLE = Automatic;
				CURRENT_PROJECT_VERSION = 1;
				DEVELOPMENT_TEAM = 3248ZK8GGZ;
				GENERATE_INFOPLIST_FILE = YES;
				MARKETING_VERSION = 1.0;
				PRODUCT_BUNDLE_IDENTIFIER = tsukasahasegawa.SwiftMacroSampleUITests;
				PRODUCT_NAME = "$(TARGET_NAME)";
				SWIFT_EMIT_LOC_STRINGS = NO;
				SWIFT_VERSION = 5.0;
				TARGETED_DEVICE_FAMILY = "1,2";
				TEST_TARGET_NAME = SwiftMacroSample;
			};
			name = Release;
		};
/* End XCBuildConfiguration section */

/* Begin XCConfigurationList section */
		88E432632DF5D37400485B78 /* Build configuration list for PBXProject "SwiftMacroSample" */ = {
			isa = XCConfigurationList;
			buildConfigurations = (
				88E4328A2DF5D37800485B78 /* Debug */,
				88E4328B2DF5D37800485B78 /* Release */,
			);
			defaultConfigurationIsVisible = 0;
			defaultConfigurationName = Release;
		};
		88E4328C2DF5D37800485B78 /* Build configuration list for PBXNativeTarget "SwiftMacroSample" */ = {
			isa = XCConfigurationList;
			buildConfigurations = (
				88E4328D2DF5D37800485B78 /* Debug */,
				88E4328E2DF5D37800485B78 /* Release */,
			);
			defaultConfigurationIsVisible = 0;
			defaultConfigurationName = Release;
		};
		88E4328F2DF5D37800485B78 /* Build configuration list for PBXNativeTarget "SwiftMacroSampleTests" */ = {
			isa = XCConfigurationList;
			buildConfigurations = (
				88E432902DF5D37800485B78 /* Debug */,
				88E432912DF5D37800485B78 /* Release */,
			);
			defaultConfigurationIsVisible = 0;
			defaultConfigurationName = Release;
		};
		88E432922DF5D37800485B78 /* Build configuration list for PBXNativeTarget "SwiftMacroSampleUITests" */ = {
			isa = XCConfigurationList;
			buildConfigurations = (
				88E432932DF5D37800485B78 /* Debug */,
				88E432942DF5D37800485B78 /* Release */,
			);
			defaultConfigurationIsVisible = 0;
			defaultConfigurationName = Release;
		};
/* End XCConfigurationList section */
	};
	rootObject = 88E432602DF5D37400485B78 /* Project object */;
}
